lockfileVersion: '9.0'

settings:
  autoInstallPeers: true
  excludeLinksFromLockfile: false

importers:

  .:
    dependencies:
      '@supabase/supabase-js':
        specifier: ^2.108.2
        version: 2.108.2
      clsx:
        specifier: ^2.1.1
        version: 2.1.1
      next:
        specifier: 16.2.9
        version: 16.2.9(react-dom@19.2.7(react@19.2.7))(react@19.2.7)
      react:
        specifier: 19.2.7
        version: 19.2.7
      react-dom:
        specifier: 19.2.7
        version: 19.2.7(react@19.2.7)
    devDependencies:
      '@types/node':
        specifier: ^20.17.10
        version: 20.19.43
      '@types/react':
        specifier: ^19.2.17
        version: 19.2.17
      '@types/react-dom':
        specifier: ^19.2.3
        version: 19.2.3(@types/react@19.2.17)
      autoprefixer:
        specifier: ^10.4.20
        version: 10.5.0(postcss@8.5.15)
      postcss:
        specifier: ^8.4.49
        version: 8.5.15
      tailwindcss:
        specifier: ^3.4.17
        version: 3.4.19
      typescript:
        specifier: ^5.7.2
        version: 5.9.3

# Lockfile draft preserved for V3 ZIP portability.
# After upload to GitHub, run `pnpm install` once locally or let Vercel install dependencies.
# If a CI uses `--frozen-lockfile` and rejects this minimal lock, regenerate it with:
# pnpm install --lockfile-only
